
Microsoft Visual Studio Solution File, Format Version 12.00
# Visual Studio Version 16
VisualStudioVersion = 16.0.31424.327
MinimumVisualStudioVersion = 10.0.40219.1
Project("{FAE04EC0-301F-11D3-BF4B-00C04F79EFBC}") = "Composite", "Composite\Composite.csproj", "{3F8DD931-ACD5-4655-894D-3A622D99EA70}"
EndProject
Global
	GlobalSection(SolutionConfigurationPlatforms) = preSolution
		Debug|Any CPU = Debug|Any CPU
		Release|Any CPU = Release|Any CPU
	EndGlobalSection
	GlobalSection(ProjectConfigurationPlatforms) = postSolution
		{3F8DD931-ACD5-4655-894D-3A622D99EA70}.Debug|Any CPU.ActiveCfg = Debug|Any CPU
		{3F8DD931-ACD5-4655-894D-3A622D99EA70}.Debug|Any CPU.Build.0 = Debug|Any CPU
		{3F8DD931-ACD5-4655-894D-3A622D99EA70}.Release|Any CPU.ActiveCfg = Release|Any CPU
		{3F8DD931-ACD5-4655-894D-3A622D99EA70}.Release|Any CPU.Build.0 = Release|Any CPU
	EndGlobalSection
	GlobalSection(SolutionProperties) = preSolution
		HideSolutionNode = FALSE
	EndGlobalSection
	GlobalSection(ExtensibilityGlobals) = postSolution
		SolutionGuid = {7EBF486F-1BE2-402B-9B9B-B7D39E5C132E}
	EndGlobalSection
EndGlobal
